// !$*UTF8*$!
{
	archiveVersion = 1;
	classes = {
	};
	objectVersion = 50;
	objects = {

/* Begin PBXBuildFile section */
		9D6FF0B025BB060200CDCAF2 /* Localizable.strings in Resources */ = {isa = PBXBuildFile; fileRef = 9D6FF0AF25BB060200CDCAF2 /* Localizable.strings */; };
		C9FC25DE25B864F800B829A1 /* AppDelegate.swift in Sources */ = {isa = PBXBuildFile; fileRef = C9FC25DD25B864F800B829A1 /* AppDelegate.swift */; };
		C9FC25E025B864F800B829A1 /* SceneDelegate.swift in Sources */ = {isa = PBXBuildFile; fileRef = C9FC25DF25B864F800B829A1 /* SceneDelegate.swift */; };
		C9FC25E225B864F800B829A1 /* ViewController.swift in Sources */ = {isa = PBXBuildFile; fileRef = C9FC25E125B864F800B829A1 /* ViewController.swift */; };
		C9FC25E525B864F800B829A1 /* Main.storyboard in Resources */ = {isa = PBXBuildFile; fileRef = C9FC25E325B864F800B829A1 /* Main.storyboard */; };
		C9FC25E725B864F900B829A1 /* Assets.xcassets in Resources */ = {isa = PBXBuildFile; fileRef = C9FC25E625B864F900B829A1 /* Assets.xcassets */; };
		C9FC25EA25B864F900B829A1 /* LaunchScreen.storyboard in Resources */ = {isa = PBXBuildFile; fileRef = C9FC25E825B864F900B829A1 /* LaunchScreen.storyboard */; };
		C9FC25F525B864F900B829A1 /* budgetapp_iosTests.swift in Sources */ = {isa = PBXBuildFile; fileRef = C9FC25F425B864F900B829A1 /* budgetapp_iosTests.swift */; };
		C9FC260025B864F900B829A1 /* budgetapp_iosUITests.swift in Sources */ = {isa = PBXBuildFile; fileRef = C9FC25FF25B864F900B829A1 /* budgetapp_iosUITests.swift */; };
/* End PBXBuildFile section */

/* Begin PBXContainerItemProxy section */
		C9FC25F125B864F900B829A1 /* PBXContainerItemProxy */ = {
			isa = PBXContainerItemProxy;
			containerPortal = C9FC25D225B864F800B829A1 /* Project object */;
			proxyType = 1;
			remoteGlobalIDString = C9FC25D925B864F800B829A1;
			remoteInfo = "budgetapp-ios";
		};
		C9FC25FC25B864F900B829A1 /* PBXContainerItemProxy */ = {
			isa = PBXContainerItemProxy;
			containerPortal = C9FC25D225B864F800B829A1 /* Project object */;
			proxyType = 1;
			remoteGlobalIDString = C9FC25D925B864F800B829A1;
			remoteInfo = "budgetapp-ios";
		};
/* End PBXContainerItemProxy section */

/* Begin PBXFileReference section */
		9D6FF0AF25BB060200CDCAF2 /* Localizable.strings */ = {isa = PBXFileReference; lastKnownFileType = text.plist.strings; path = Localizable.strings; sourceTree = "<group>"; };
		C9FC25DA25B864F800B829A1 /* budgetapp-ios.app */ = {isa = PBXFileReference; explicitFileType = wrapper.application; includeInIndex = 0; path = "budgetapp-ios.app"; sourceTree = BUILT_PRODUCTS_DIR; };
		C9FC25DD25B864F800B829A1 /* AppDelegate.swift */ = {isa = PBXFileReference; lastKnownFileType = sourcecode.swift; path = AppDelegate.swift; sourceTree = "<group>"; };
		C9FC25DF25B864F800B829A1 /* SceneDelegate.swift */ = {isa = PBXFileReference; lastKnownFileType = sourcecode.swift; path = SceneDelegate.swift; sourceTree = "<group>"; };
		C9FC25E125B864F800B829A1 /* ViewController.swift */ = {isa = PBXFileReference; lastKnownFileType = sourcecode.swift; path = ViewController.swift; sourceTree = "<group>"; };
		C9FC25E425B864F800B829A1 /* Base */ = {isa = PBXFileReference; lastKnownFileType = file.storyboard; name = Base; path = Base.lproj/Main.storyboard; sourceTree = "<group>"; };
		C9FC25E625B864F900B829A1 /* Assets.xcassets */ = {isa = PBXFileReference; lastKnownFileType = folder.assetcatalog; path = Assets.xcassets; sourceTree = "<group>"; };
		C9FC25E925B864F900B829A1 /* Base */ = {isa = PBXFileReference; lastKnownFileType = file.storyboard; name = Base; path = Base.lproj/LaunchScreen.storyboard; sourceTree = "<group>"; };
		C9FC25EB25B864F900B829A1 /* Info.plist */ = {isa = PBXFileReference; lastKnownFileType = text.plist.xml; path = Info.plist; sourceTree = "<group>"; };
		C9FC25F025B864F900B829A1 /* budgetapp-iosTests.xctest */ = {isa = PBXFileReference; explicitFileType = wrapper.cfbundle; includeInIndex = 0; path = "budgetapp-iosTests.xctest"; sourceTree = BUILT_PRODUCTS_DIR; };
		C9FC25F425B864F900B829A1 /* budgetapp_iosTests.swift */ = {isa = PBXFileReference; lastKnownFileType = sourcecode.swift; path = budgetapp_iosTests.swift; sourceTree = "<group>"; };
		C9FC25F625B864F900B829A1 /* Info.plist */ = {isa = PBXFileReference; lastKnownFileType = text.plist.xml; path = Info.plist; sourceTree = "<group>"; };
		C9FC25FB25B864F900B829A1 /* budgetapp-iosUITests.xctest */ = {isa = PBXFileReference; explicitFileType = wrapper.cfbundle; includeInIndex = 0; path = "budgetapp-iosUITests.xctest"; sourceTree = BUILT_PRODUCTS_DIR; };
		C9FC25FF25B864F900B829A1 /* budgetapp_iosUITests.swift */ = {isa = PBXFileReference; lastKnownFileType = sourcecode.swift; path = budgetapp_iosUITests.swift; sourceTree = "<group>"; };
		C9FC260125B864F900B829A1 /* Info.plist */ = {isa = PBXFileReference; lastKnownFileType = text.plist.xml; path = Info.plist; sourceTree = "<group>"; };
/* End PBXFileReference section */

/* Begin PBXFrameworksBuildPhase section */
		C9FC25D725B864F800B829A1 /* Frameworks */ = {
			isa = PBXFrameworksBuildPhase;
			buildActionMask = 2147483647;
			files = (
			);
			runOnlyForDeploymentPostprocessing = 0;
		};
		C9FC25ED25B864F900B829A1 /* Frameworks */ = {
			isa = PBXFrameworksBuildPhase;
			buildActionMask = 2147483647;
			files = (
			);
			runOnlyForDeploymentPostprocessing = 0;
		};
		C9FC25F825B864F900B829A1 /* Frameworks */ = {
			isa = PBXFrameworksBuildPhase;
			buildActionMask = 2147483647;
			files = (
			);
			runOnlyForDeploymentPostprocessing = 0;
		};
/* End PBXFrameworksBuildPhase section */

/* Begin PBXGroup section */
		C9FC25D125B864F800B829A1 = {
			isa = PBXGroup;
			children = (
				C9FC25DC25B864F800B829A1 /* budgetapp-ios */,
				C9FC25F325B864F900B829A1 /* budgetapp-iosTests */,
				C9FC25FE25B864F900B829A1 /* budgetapp-iosUITests */,
				C9FC25DB25B864F800B829A1 /* Products */,
			);
			sourceTree = "<group>";
		};
		C9FC25DB25B864F800B829A1 /* Products */ = {
			isa = PBXGroup;
			children = (
				C9FC25DA25B864F800B829A1 /* budgetapp-ios.app */,
				C9FC25F025B864F900B829A1 /* budgetapp-iosTests.xctest */,
				C9FC25FB25B864F900B829A1 /* budgetapp-iosUITests.xctest */,
			);
			name = Products;
			sourceTree = "<group>";
		};
		C9FC25DC25B864F800B829A1 /* budgetapp-ios */ = {
			isa = PBXGroup;
			children = (
				C9FC25DD25B864F800B829A1 /* AppDelegate.swift */,
				C9FC25DF25B864F800B829A1 /* SceneDelegate.swift */,
				C9FC25E125B864F800B829A1 /* ViewController.swift */,
				C9FC25E325B864F800B829A1 /* Main.storyboard */,
				C9FC25E625B864F900B829A1 /* Assets.xcassets */,
				C9FC25E825B864F900B829A1 /* LaunchScreen.storyboard */,
				C9FC25EB25B864F900B829A1 /* Info.plist */,
				9D6FF0AF25BB060200CDCAF2 /* Localizable.strings */,
			);
			path = "budgetapp-ios";
			sourceTree = "<group>";
		};
		C9FC25F325B864F900B829A1 /* budgetapp-iosTests */ = {
			isa = PBXGroup;
			children = (
				C9FC25F425B864F900B829A1 /* budgetapp_iosTests.swift */,
				C9FC25F625B864F900B829A1 /* Info.plist */,
			);
			path = "budgetapp-iosTests";
			sourceTree = "<group>";
		};
		C9FC25FE25B864F900B829A1 /* budgetapp-iosUITests */ = {
			isa = PBXGroup;
			children = (
				C9FC25FF25B864F900B829A1 /* budgetapp_iosUITests.swift */,
				C9FC260125B864F900B829A1 /* Info.plist */,
			);
			path = "budgetapp-iosUITests";
			sourceTree = "<group>";
		};
/* End PBXGroup section */

/* Begin PBXNativeTarget section */
		C9FC25D925B864F800B829A1 /* budgetapp-ios */ = {
			isa = PBXNativeTarget;
			buildConfigurationList = C9FC260425B864F900B829A1 /* Build configuration list for PBXNativeTarget "budgetapp-ios" */;
			buildPhases = (
				C9FC25D625B864F800B829A1 /* Sources */,
				C9FC25D725B864F800B829A1 /* Frameworks */,
				C9FC25D825B864F800B829A1 /* Resources */,
			);
			buildRules = (
			);
			dependencies = (
			);
			name = "budgetapp-ios";
			productName = "budgetapp-ios";
			productReference = C9FC25DA25B864F800B829A1 /* budgetapp-ios.app */;
			productType = "com.apple.product-type.application";
		};
		C9FC25EF25B864F900B829A1 /* budgetapp-iosTests */ = {
			isa = PBXNativeTarget;
			buildConfigurationList = C9FC260725B864F900B829A1 /* Build configuration list for PBXNativeTarget "budgetapp-iosTests" */;
			buildPhases = (
				C9FC25EC25B864F900B829A1 /* Sources */,
				C9FC25ED25B864F900B829A1 /* Frameworks */,
				C9FC25EE25B864F900B829A1 /* Resources */,
			);
			buildRules = (
			);
			dependencies = (
				C9FC25F225B864F900B829A1 /* PBXTargetDependency */,
			);
			name = "budgetapp-iosTests";
			productName = "budgetapp-iosTests";
			productReference = C9FC25F025B864F900B829A1 /* budgetapp-iosTests.xctest */;
			productType = "com.apple.product-type.bundle.unit-test";
		};
		C9FC25FA25B864F900B829A1 /* budgetapp-iosUITests */ = {
			isa = PBXNativeTarget;
			buildConfigurationList = C9FC260A25B864F900B829A1 /* Build configuration list for PBXNativeTarget "budgetapp-iosUITests" */;
			buildPhases = (
				C9FC25F725B864F900B829A1 /* Sources */,
				C9FC25F825B864F900B829A1 /* Frameworks */,
				C9FC25F925B864F900B829A1 /* Resources */,
			);
			buildRules = (
			);
			dependencies = (
				C9FC25FD25B864F900B829A1 /* PBXTargetDependency */,
			);
			name = "budgetapp-iosUITests";
			productName = "budgetapp-iosUITests";
			productReference = C9FC25FB25B864F900B829A1 /* budgetapp-iosUITests.xctest */;
			productType = "com.apple.product-type.bundle.ui-testing";
		};
/* End PBXNativeTarget section */

/* Begin PBXProject section */
		C9FC25D225B864F800B829A1 /* Project object */ = {
			isa = PBXProject;
			attributes = {
				LastSwiftUpdateCheck = 1200;
				LastUpgradeCheck = 1200;
				TargetAttributes = {
					C9FC25D925B864F800B829A1 = {
						CreatedOnToolsVersion = 12.0;
					};
					C9FC25EF25B864F900B829A1 = {
						CreatedOnToolsVersion = 12.0;
						TestTargetID = C9FC25D925B864F800B829A1;
					};
					C9FC25FA25B864F900B829A1 = {
						CreatedOnToolsVersion = 12.0;
						TestTargetID = C9FC25D925B864F800B829A1;
					};
				};
			};
			buildConfigurationList = C9FC25D525B864F800B829A1 /* Build configuration list for PBXProject "budgetapp-ios" */;
			compatibilityVersion = "Xcode 9.3";
			developmentRegion = en;
			hasScannedForEncodings = 0;
			knownRegions = (
				en,
				Base,
			);
			mainGroup = C9FC25D125B864F800B829A1;
			productRefGroup = C9FC25DB25B864F800B829A1 /* Products */;
			projectDirPath = "";
			projectRoot = "";
			targets = (
				C9FC25D925B864F800B829A1 /* budgetapp-ios */,
				C9FC25EF25B864F900B829A1 /* budgetapp-iosTests */,
				C9FC25FA25B864F900B829A1 /* budgetapp-iosUITests */,
			);
		};
/* End PBXProject section */

/* Begin PBXResourcesBuildPhase section */
		C9FC25D825B864F800B829A1 /* Resources */ = {
			isa = PBXResourcesBuildPhase;
			buildActionMask = 2147483647;
			files = (
				C9FC25EA25B864F900B829A1 /* LaunchScreen.storyboard in Resources */,
				9D6FF0B025BB060200CDCAF2 /* Localizable.strings in Resources */,
				C9FC25E725B864F900B829A1 /* Assets.xcassets in Resources */,
				C9FC25E525B864F800B829A1 /* Main.storyboard in Resources */,
			);
			runOnlyForDeploymentPostprocessing = 0;
		};
		C9FC25EE25B864F900B829A1 /* Resources */ = {
			isa = PBXResourcesBuildPhase;
			buildActionMask = 2147483647;
			files = (
			);
			runOnlyForDeploymentPostprocessing = 0;
		};
		C9FC25F925B864F900B829A1 /* Resources */ = {
			isa = PBXResourcesBuildPhase;
			buildActionMask = 2147483647;
			files = (
			);
			runOnlyForDeploymentPostprocessing = 0;
		};
/* End PBXResourcesBuildPhase section */

/* Begin PBXSourcesBuildPhase section */
		C9FC25D625B864F800B829A1 /* Sources */ = {
			isa = PBXSourcesBuildPhase;
			buildActionMask = 2147483647;
			files = (
				C9FC25E225B864F800B829A1 /* ViewController.swift in Sources */,
				C9FC25DE25B864F800B829A1 /* AppDelegate.swift in Sources */,
				C9FC25E025B864F800B829A1 /* SceneDelegate.swift in Sources */,
			);
			runOnlyForDeploymentPostprocessing = 0;
		};
		C9FC25EC25B864F900B829A1 /* Sources */ = {
			isa = PBXSourcesBuildPhase;
			buildActionMask = 2147483647;
			files = (
				C9FC25F525B864F900B829A1 /* budgetapp_iosTests.swift in Sources */,
			);
			runOnlyForDeploymentPostprocessing = 0;
		};
		C9FC25F725B864F900B829A1 /* Sources */ = {
			isa = PBXSourcesBuildPhase;
			buildActionMask = 2147483647;
			files = (
				C9FC260025B864F900B829A1 /* budgetapp_iosUITests.swift in Sources */,
			);
			runOnlyForDeploymentPostprocessing = 0;
		};
/* End PBXSourcesBuildPhase section */

/* Begin PBXTargetDependency section */
		C9FC25F225B864F900B829A1 /* PBXTargetDependency */ = {
			isa = PBXTargetDependency;
			target = C9FC25D925B864F800B829A1 /* budgetapp-ios */;
			targetProxy = C9FC25F125B864F900B829A1 /* PBXContainerItemProxy */;
		};
		C9FC25FD25B864F900B829A1 /* PBXTargetDependency */ = {
			isa = PBXTargetDependency;
			target = C9FC25D925B864F800B829A1 /* budgetapp-ios */;
			targetProxy = C9FC25FC25B864F900B829A1 /* PBXContainerItemProxy */;
		};
/* End PBXTargetDependency section */

/* Begin PBXVariantGroup section */
		C9FC25E325B864F800B829A1 /* Main.storyboard */ = {
			isa = PBXVariantGroup;
			children = (
				C9FC25E425B864F800B829A1 /* Base */,
			);
			name = Main.storyboard;
			sourceTree = "<group>";
		};
		C9FC25E825B864F900B829A1 /* LaunchScreen.storyboard */ = {
			isa = PBXVariantGroup;
			children = (
				C9FC25E925B864F900B829A1 /* Base */,
			);
			name = LaunchScreen.storyboard;
			sourceTree = "<group>";
		};
/* End PBXVariantGroup section */

/* Begin XCBuildConfiguration section */
		C9FC260225B864F900B829A1 /* Debug */ = {
			isa = XCBuildConfiguration;
			buildSettings = {
				ALWAYS_SEARCH_USER_PATHS = NO;
				CLANG_ANALYZER_NONNULL = YES;
				CLANG_ANALYZER_NUMBER_OBJECT_CONVERSION = YES_AGGRESSIVE;
				CLANG_CXX_LANGUAGE_STANDARD = "gnu++14";
				CLANG_CXX_LIBRARY = "libc++";
				CLANG_ENABLE_MODULES = YES;
				CLANG_ENABLE_OBJC_ARC = YES;
				CLANG_ENABLE_OBJC_WEAK = YES;
				CLANG_WARN_BLOCK_CAPTURE_AUTORELEASING = YES;
				CLANG_WARN_BOOL_CONVERSION = YES;
				CLANG_WARN_COMMA = YES;
				CLANG_WARN_CONSTANT_CONVERSION = YES;
				CLANG_WARN_DEPRECATED_OBJC_IMPLEMENTATIONS = YES;
				CLANG_WARN_DIRECT_OBJC_ISA_USAGE = YES_ERROR;
				CLANG_WARN_DOCUMENTATION_COMMENTS = YES;
				CLANG_WARN_EMPTY_BODY = YES;
				CLANG_WARN_ENUM_CONVERSION = YES;
				CLANG_WARN_INFINITE_RECURSION = YES;
				CLANG_WARN_INT_CONVERSION = YES;
				CLANG_WARN_NON_LITERAL_NULL_CONVERSION = YES;
				CLANG_WARN_OBJC_IMPLICIT_RETAIN_SELF = YES;
				CLANG_WARN_OBJC_LITERAL_CONVERSION = YES;
				CLANG_WARN_OBJC_ROOT_CLASS = YES_ERROR;
				CLANG_WARN_QUOTED_INCLUDE_IN_FRAMEWORK_HEADER = YES;
				CLANG_WARN_RANGE_LOOP_ANALYSIS = YES;
				CLANG_WARN_STRICT_PROTOTYPES = YES;
				CLANG_WARN_SUSPICIOUS_MOVE = YES;
				CLANG_WARN_UNGUARDED_AVAILABILITY = YES_AGGRESSIVE;
				CLANG_WARN_UNREACHABLE_CODE = YES;
				CLANG_WARN__DUPLICATE_METHOD_MATCH = YES;
				COPY_PHASE_STRIP = NO;
				DEBUG_INFORMATION_FORMAT = dwarf;
				ENABLE_STRICT_OBJC_MSGSEND = YES;
				ENABLE_TESTABILITY = YES;
				GCC_C_LANGUAGE_STANDARD = gnu11;
				GCC_DYNAMIC_NO_PIC = NO;
				GCC_NO_COMMON_BLOCKS = YES;
				GCC_OPTIMIZATION_LEVEL = 0;
				GCC_PREPROCESSOR_DEFINITIONS = (
					"DEBUG=1",
					"$(inherited)",
				);
				GCC_WARN_64_TO_32_BIT_CONVERSION = YES;
				GCC_WARN_ABOUT_RETURN_TYPE = YES_ERROR;
				GCC_WARN_UNDECLARED_SELECTOR = YES;
				GCC_WARN_UNINITIALIZED_AUTOS = YES_AGGRESSIVE;
				GCC_WARN_UNUSED_FUNCTION = YES;
				GCC_WARN_UNUSED_VARIABLE = YES;
				IPHONEOS_DEPLOYMENT_TARGET = 14.0;
				MTL_ENABLE_DEBUG_INFO = INCLUDE_SOURCE;
				MTL_FAST_MATH = YES;
				ONLY_ACTIVE_ARCH = YES;
				SDKROOT = iphoneos;
				SWIFT_ACTIVE_COMPILATION_CONDITIONS = DEBUG;
				SWIFT_OPTIMIZATION_LEVEL = "-Onone";
			};
			name = Debug;
		};
		C9FC260325B864F900B829A1 /* Release */ = {
			isa = XCBuildConfiguration;
			buildSettings = {
				ALWAYS_SEARCH_USER_PATHS = NO;
				CLANG_ANALYZER_NONNULL = YES;
				CLANG_ANALYZER_NUMBER_OBJECT_CONVERSION = YES_AGGRESSIVE;
				CLANG_CXX_LANGUAGE_STANDARD = "gnu++14";
				CLANG_CXX_LIBRARY = "libc++";
				CLANG_ENABLE_MODULES = YES;
				CLANG_ENABLE_OBJC_ARC = YES;
				CLANG_ENABLE_OBJC_WEAK = YES;
				CLANG_WARN_BLOCK_CAPTURE_AUTORELEASING = YES;
				CLANG_WARN_BOOL_CONVERSION = YES;
				CLANG_WARN_COMMA = YES;
				CLANG_WARN_CONSTANT_CONVERSION = YES;
				CLANG_WARN_DEPRECATED_OBJC_IMPLEMENTATIONS = YES;
				CLANG_WARN_DIRECT_OBJC_ISA_USAGE = YES_ERROR;
				CLANG_WARN_DOCUMENTATION_COMMENTS = YES;
				CLANG_WARN_EMPTY_BODY = YES;
				CLANG_WARN_ENUM_CONVERSION = YES;
				CLANG_WARN_INFINITE_RECURSION = YES;
				CLANG_WARN_INT_CONVERSION = YES;
				CLANG_WARN_NON_LITERAL_NULL_CONVERSION = YES;
				CLANG_WARN_OBJC_IMPLICIT_RETAIN_SELF = YES;
				CLANG_WARN_OBJC_LITERAL_CONVERSION = YES;
				CLANG_WARN_OBJC_ROOT_CLASS = YES_ERROR;
				CLANG_WARN_QUOTED_INCLUDE_IN_FRAMEWORK_HEADER = YES;
				CLANG_WARN_RANGE_LOOP_ANALYSIS = YES;
				CLANG_WARN_STRICT_PROTOTYPES = YES;
				CLANG_WARN_SUSPICIOUS_MOVE = YES;
				CLANG_WARN_UNGUARDED_AVAILABILITY = YES_AGGRESSIVE;
				CLANG_WARN_UNREACHABLE_CODE = YES;
				CLANG_WARN__DUPLICATE_METHOD_MATCH = YES;
				COPY_PHASE_STRIP = NO;
				DEBUG_INFORMATION_FORMAT = "dwarf-with-dsym";
				ENABLE_NS_ASSERTIONS = NO;
				ENABLE_STRICT_OBJC_MSGSEND = YES;
				GCC_C_LANGUAGE_STANDARD = gnu11;
				GCC_NO_COMMON_BLOCKS = YES;
				GCC_WARN_64_TO_32_BIT_CONVERSION = YES;
				GCC_WARN_ABOUT_RETURN_TYPE = YES_ERROR;
				GCC_WARN_UNDECLARED_SELECTOR = YES;
				GCC_WARN_UNINITIALIZED_AUTOS = YES_AGGRESSIVE;
				GCC_WARN_UNUSED_FUNCTION = YES;
				GCC_WARN_UNUSED_VARIABLE = YES;
				IPHONEOS_DEPLOYMENT_TARGET = 14.0;
				MTL_ENABLE_DEBUG_INFO = NO;
				MTL_FAST_MATH = YES;
				SDKROOT = iphoneos;
				SWIFT_COMPILATION_MODE = wholemodule;
				SWIFT_OPTIMIZATION_LEVEL = "-O";
				VALIDATE_PRODUCT = YES;
			};
			name = Release;
		};
		C9FC260525B864F900B829A1 /* Debug */ = {
			isa = XCBuildConfiguration;
			buildSettings = {
				ASSETCATALOG_COMPILER_APPICON_NAME = AppIcon;
				ASSETCATALOG_COMPILER_GLOBAL_ACCENT_COLOR_NAME = AccentColor;
				CODE_SIGN_STYLE = Automatic;
				DEVELOPMENT_TEAM = Y9TFXTCM7B;
				INFOPLIST_FILE = "budgetapp-ios/Info.plist";
				LD_RUNPATH_SEARCH_PATHS = (
					"$(inherited)",
					"@executable_path/Frameworks",
				);
				PRODUCT_BUNDLE_IDENTIFIER = "Eszter-Szabo-.budgetapp-ios";
				PRODUCT_NAME = "$(TARGET_NAME)";
				SWIFT_VERSION = 5.0;
				TARGETED_DEVICE_FAMILY = "1,2";
			};
			name = Debug;
		};
		C9FC260625B864F900B829A1 /* Release */ = {
			isa = XCBuildConfiguration;
			buildSettings = {
				ASSETCATALOG_COMPILER_APPICON_NAME = AppIcon;
				ASSETCATALOG_COMPILER_GLOBAL_ACCENT_COLOR_NAME = AccentColor;
				CODE_SIGN_STYLE = Automatic;
				DEVELOPMENT_TEAM = Y9TFXTCM7B;
				INFOPLIST_FILE = "budgetapp-ios/Info.plist";
				LD_RUNPATH_SEARCH_PATHS = (
					"$(inherited)",
					"@executable_path/Frameworks",
				);
				PRODUCT_BUNDLE_IDENTIFIER = "Eszter-Szabo-.budgetapp-ios";
				PRODUCT_NAME = "$(TARGET_NAME)";
				SWIFT_VERSION = 5.0;
				TARGETED_DEVICE_FAMILY = "1,2";
			};
			name = Release;
		};
		C9FC260825B864F900B829A1 /* Debug */ = {
			isa = XCBuildConfiguration;
			buildSettings = {
				ALWAYS_EMBED_SWIFT_STANDARD_LIBRARIES = YES;
				BUNDLE_LOADER = "$(TEST_HOST)";
				CODE_SIGN_STYLE = Automatic;
				DEVELOPMENT_TEAM = Y9TFXTCM7B;
				INFOPLIST_FILE = "budgetapp-iosTests/Info.plist";
				IPHONEOS_DEPLOYMENT_TARGET = 14.0;
				LD_RUNPATH_SEARCH_PATHS = (
					"$(inherited)",
					"@executable_path/Frameworks",
					"@loader_path/Frameworks",
				);
				PRODUCT_BUNDLE_IDENTIFIER = "Eszter-Szabo-.budgetapp-iosTests";
				PRODUCT_NAME = "$(TARGET_NAME)";
				SWIFT_VERSION = 5.0;
				TARGETED_DEVICE_FAMILY = "1,2";
				TEST_HOST = "$(BUILT_PRODUCTS_DIR)/budgetapp-ios.app/budgetapp-ios";
			};
			name = Debug;
		};
		C9FC260925B864F900B829A1 /* Release */ = {
			isa = XCBuildConfiguration;
			buildSettings = {
				ALWAYS_EMBED_SWIFT_STANDARD_LIBRARIES = YES;
				BUNDLE_LOADER = "$(TEST_HOST)";
				CODE_SIGN_STYLE = Automatic;
				DEVELOPMENT_TEAM = Y9TFXTCM7B;
				INFOPLIST_FILE = "budgetapp-iosTests/Info.plist";
				IPHONEOS_DEPLOYMENT_TARGET = 14.0;
				LD_RUNPATH_SEARCH_PATHS = (
					"$(inherited)",
					"@executable_path/Frameworks",
					"@loader_path/Frameworks",
				);
				PRODUCT_BUNDLE_IDENTIFIER = "Eszter-Szabo-.budgetapp-iosTests";
				PRODUCT_NAME = "$(TARGET_NAME)";
				SWIFT_VERSION = 5.0;
				TARGETED_DEVICE_FAMILY = "1,2";
				TEST_HOST = "$(BUILT_PRODUCTS_DIR)/budgetapp-ios.app/budgetapp-ios";
			};
			name = Release;
		};
		C9FC260B25B864F900B829A1 /* Debug */ = {
			isa = XCBuildConfiguration;
			buildSettings = {
				ALWAYS_EMBED_SWIFT_STANDARD_LIBRARIES = YES;
				CODE_SIGN_STYLE = Automatic;
				DEVELOPMENT_TEAM = Y9TFXTCM7B;
				INFOPLIST_FILE = "budgetapp-iosUITests/Info.plist";
				LD_RUNPATH_SEARCH_PATHS = (
					"$(inherited)",
					"@executable_path/Frameworks",
					"@loader_path/Frameworks",
				);
				PRODUCT_BUNDLE_IDENTIFIER = "Eszter-Szabo-.budgetapp-iosUITests";
				PRODUCT_NAME = "$(TARGET_NAME)";
				SWIFT_VERSION = 5.0;
				TARGETED_DEVICE_FAMILY = "1,2";
				TEST_TARGET_NAME = "budgetapp-ios";
			};
			name = Debug;
		};
		C9FC260C25B864F900B829A1 /* Release */ = {
			isa = XCBuildConfiguration;
			buildSettings = {
				ALWAYS_EMBED_SWIFT_STANDARD_LIBRARIES = YES;
				CODE_SIGN_STYLE = Automatic;
				DEVELOPMENT_TEAM = Y9TFXTCM7B;
				INFOPLIST_FILE = "budgetapp-iosUITests/Info.plist";
				LD_RUNPATH_SEARCH_PATHS = (
					"$(inherited)",
					"@executable_path/Frameworks",
					"@loader_path/Frameworks",
				);
				PRODUCT_BUNDLE_IDENTIFIER = "Eszter-Szabo-.budgetapp-iosUITests";
				PRODUCT_NAME = "$(TARGET_NAME)";
				SWIFT_VERSION = 5.0;
				TARGETED_DEVICE_FAMILY = "1,2";
				TEST_TARGET_NAME = "budgetapp-ios";
			};
			name = Release;
		};
/* End XCBuildConfiguration section */

/* Begin XCConfigurationList section */
		C9FC25D525B864F800B829A1 /* Build configuration list for PBXProject "budgetapp-ios" */ = {
			isa = XCConfigurationList;
			buildConfigurations = (
				C9FC260225B864F900B829A1 /* Debug */,
				C9FC260325B864F900B829A1 /* Release */,
			);
			defaultConfigurationIsVisible = 0;
			defaultConfigurationName = Release;
		};
		C9FC260425B864F900B829A1 /* Build configuration list for PBXNativeTarget "budgetapp-ios" */ = {
			isa = XCConfigurationList;
			buildConfigurations = (
				C9FC260525B864F900B829A1 /* Debug */,
				C9FC260625B864F900B829A1 /* Release */,
			);
			defaultConfigurationIsVisible = 0;
			defaultConfigurationName = Release;
		};
		C9FC260725B864F900B829A1 /* Build configuration list for PBXNativeTarget "budgetapp-iosTests" */ = {
			isa = XCConfigurationList;
			buildConfigurations = (
				C9FC260825B864F900B829A1 /* Debug */,
				C9FC260925B864F900B829A1 /* Release */,
			);
			defaultConfigurationIsVisible = 0;
			defaultConfigurationName = Release;
		};
		C9FC260A25B864F900B829A1 /* Build configuration list for PBXNativeTarget "budgetapp-iosUITests" */ = {
			isa = XCConfigurationList;
			buildConfigurations = (
				C9FC260B25B864F900B829A1 /* Debug */,
				C9FC260C25B864F900B829A1 /* Release */,
			);
			defaultConfigurationIsVisible = 0;
			defaultConfigurationName = Release;
		};
/* End XCConfigurationList section */
	};
	rootObject = C9FC25D225B864F800B829A1 /* Project object */;
}
